# Run ./gradlew writeVersionsLocks to regenerate this file
com.fasterxml.jackson.core:jackson-annotations:2.17.2 (4 constraints: 4a408226)
com.fasterxml.jackson.core:jackson-core:2.17.2 (2 constraints: af22a532)
com.fasterxml.jackson.core:jackson-databind:2.17.2 (4 constraints: 34334583)
com.google.code.findbugs:jsr305:3.0.2 (2 constraints: ae19c301)
com.google.errorprone:error_prone_annotations:2.26.1 (7 constraints: 216939f5)
com.google.guava:failureaccess:1.0.2 (1 constraints: 150ae2b4)
com.google.guava:guava:33.1.0-jre (1 constraints: f60f3897)
com.google.guava:listenablefuture:9999.0-empty-to-avoid-conflict-with-guava (1 constraints: bd17c918)
com.google.j2objc:j2objc-annotations:3.0.0 (1 constraints: 150aeab4)
com.palantir.conjure.java:conjure-lib:8.26.0 (1 constraints: 3e055d3b)
com.palantir.conjure.java.api:errors:2.53.0 (1 constraints: 2210a3a9)
com.palantir.ri:resource-identifier:2.7.0 (1 constraints: f10f7f99)
com.palantir.safe-logging:logger:3.7.0 (2 constraints: 301c17ba)
com.palantir.safe-logging:logger-slf4j:3.7.0 (1 constraints: 050e6842)
com.palantir.safe-logging:logger-spi:3.7.0 (2 constraints: 191ea27b)
com.palantir.safe-logging:preconditions:3.7.0 (4 constraints: bd3b46a4)
com.palantir.safe-logging:safe-logging:3.7.0 (6 constraints: 785d79ed)
com.palantir.tokens:auth-tokens:3.18.0 (1 constraints: 2410a8a9)
com.palantir.tritium:tritium-ids:0.88.0 (1 constraints: d30fb896)
org.checkerframework:checker-qual:3.42.0 (1 constraints: 4b0a47bf)
org.eclipse.collections:eclipse-collections:11.1.0 (1 constraints: 1b108aa9)
org.eclipse.collections:eclipse-collections-api:11.1.0 (2 constraints: f8229c26)
org.immutables:value:2.10.1 (1 constraints: c70f9196)
org.jetbrains:annotations:24.1.0 (3 constraints: 32262498)
org.slf4j:slf4j-api:1.7.36 (2 constraints: 561e8a97)
