# Run ./gradlew --write-locks to regenerate this file
com.fasterxml.jackson:jackson-bom:2.12.3 (3 constraints: 7f37b4d3)
com.fasterxml.jackson.core:jackson-annotations:2.12.3 (4 constraints: d53e950b)
com.fasterxml.jackson.core:jackson-core:2.12.3 (2 constraints: 3f21e893)
com.fasterxml.jackson.core:jackson-databind:2.12.3 (4 constraints: a63cfba2)
com.google.code.findbugs:jsr305:3.0.2 (1 constraints: 980fcc86)
com.google.errorprone:error_prone_annotations:2.9.0 (2 constraints: f6204e57)
com.palantir.conjure.java:conjure-lib:6.2.0 (1 constraints: 0a050f36)
com.palantir.conjure.java.api:errors:2.20.0 (1 constraints: 1c108ea9)
com.palantir.ri:resource-identifier:2.0.0 (1 constraints: ea0f6a99)
com.palantir.safe-logging:preconditions:1.19.0 (3 constraints: f52d8889)
com.palantir.safe-logging:safe-logging:1.19.0 (2 constraints: 0321506e)
com.palantir.tokens:auth-tokens:3.10.0 (1 constraints: 1c1090a9)
jakarta.annotation:jakarta.annotation-api:1.3.5 (1 constraints: f10f7399)
jakarta.ws.rs:jakarta.ws.rs-api:2.1.6 (1 constraints: f10f7399)
org.slf4j:slf4j-api:1.7.31 (1 constraints: 0b0e9145)
