# Run ./gradlew --write-locks to regenerate this file
com.fasterxml.jackson:jackson-bom:2.12.5 (5 constraints: 70577727)
com.fasterxml.jackson.core:jackson-annotations:2.12.5 (6 constraints: c75e7803)
com.fasterxml.jackson.core:jackson-core:2.12.5 (5 constraints: 334fb686)
com.fasterxml.jackson.core:jackson-databind:2.12.5 (4 constraints: aa3cb9a4)
com.google.code.findbugs:jsr305:3.0.2 (8 constraints: 0f7cde24)
com.google.errorprone:error_prone_annotations:2.10.0 (8 constraints: 607ceb7f)
com.palantir.conjure.java:conjure-lib:6.14.0 (1 constraints: 3d05533b)
com.palantir.conjure.java.api:errors:2.23.0 (1 constraints: 1f1097a9)
com.palantir.ri:resource-identifier:2.3.0 (1 constraints: ed0f7399)
com.palantir.safe-logging:logger:1.21.0 (3 constraints: e22dd285)
com.palantir.safe-logging:logger-slf4j:1.21.0 (4 constraints: 103cea56)
com.palantir.safe-logging:logger-spi:1.21.0 (5 constraints: 4e4ca74a)
com.palantir.safe-logging:preconditions:1.21.0 (3 constraints: e22dd285)
com.palantir.safe-logging:safe-logging:1.21.0 (6 constraints: e65c6216)
com.palantir.tokens:auth-tokens:3.11.0 (2 constraints: e41f7025)
jakarta.annotation:jakarta.annotation-api:1.3.5 (2 constraints: c81d9c4e)
jakarta.ws.rs:jakarta.ws.rs-api:2.1.6 (2 constraints: c81d9c4e)
org.slf4j:slf4j-api:1.7.35 (8 constraints: cf7dc670)
